// !$*UTF8*$!
{
	archiveVersion = 1;
	classes = {
	};
	objectVersion = 50;
	objects = {

/* Begin PBXBuildFile section */
		364DF9DE4CC3DF38FBE73C18 /* libPods-TableHeadHoverUITests.a in Frameworks */ = {isa = PBXBuildFile; fileRef = F5E11B2BE65BBE6E503C049E /* libPods-TableHeadHoverUITests.a */; };
		426BB5D794E9D51650EE1442 /* libPods-TableHeadHover.a in Frameworks */ = {isa = PBXBuildFile; fileRef = B011B322046BA866FFF5E6BE /* libPods-TableHeadHover.a */; };
		E4AB91FA218F2796003A889F /* AppDelegate.m in Sources */ = {isa = PBXBuildFile; fileRef = E4AB91F9218F2796003A889F /* AppDelegate.m */; };
		E4AB91FD218F2796003A889F /* ViewController.m in Sources */ = {isa = PBXBuildFile; fileRef = E4AB91FC218F2796003A889F /* ViewController.m */; };
		E4AB9200218F2796003A889F /* Main.storyboard in Resources */ = {isa = PBXBuildFile; fileRef = E4AB91FE218F2796003A889F /* Main.storyboard */; };
		E4AB9202218F2796003A889F /* Assets.xcassets in Resources */ = {isa = PBXBuildFile; fileRef = E4AB9201218F2796003A889F /* Assets.xcassets */; };
		E4AB9205218F2796003A889F /* LaunchScreen.storyboard in Resources */ = {isa = PBXBuildFile; fileRef = E4AB9203218F2796003A889F /* LaunchScreen.storyboard */; };
		E4AB9208218F2796003A889F /* main.m in Sources */ = {isa = PBXBuildFile; fileRef = E4AB9207218F2796003A889F /* main.m */; };
		E4AB9212218F2796003A889F /* TableHeadHoverTests.m in Sources */ = {isa = PBXBuildFile; fileRef = E4AB9211218F2796003A889F /* TableHeadHoverTests.m */; };
		E4AB921D218F2796003A889F /* TableHeadHoverUITests.m in Sources */ = {isa = PBXBuildFile; fileRef = E4AB921C218F2796003A889F /* TableHeadHoverUITests.m */; };
		E4AB922E218F3F7E003A889F /* head.bundle in Resources */ = {isa = PBXBuildFile; fileRef = E4AB922D218F3F7E003A889F /* head.bundle */; };
		E71A5DC89F7453F037449227 /* libPods-TableHeadHoverTests.a in Frameworks */ = {isa = PBXBuildFile; fileRef = E5D5EC76D87AB02E79410B81 /* libPods-TableHeadHoverTests.a */; };
/* End PBXBuildFile section */

/* Begin PBXContainerItemProxy section */
		E4AB920E218F2796003A889F /* PBXContainerItemProxy */ = {
			isa = PBXContainerItemProxy;
			containerPortal = E4AB91ED218F2795003A889F /* Project object */;
			proxyType = 1;
			remoteGlobalIDString = E4AB91F4218F2795003A889F;
			remoteInfo = TableHeadHover;
		};
		E4AB9219218F2796003A889F /* PBXContainerItemProxy */ = {
			isa = PBXContainerItemProxy;
			containerPortal = E4AB91ED218F2795003A889F /* Project object */;
			proxyType = 1;
			remoteGlobalIDString = E4AB91F4218F2795003A889F;
			remoteInfo = TableHeadHover;
		};
/* End PBXContainerItemProxy section */

/* Begin PBXFileReference section */
		0F9F77D4E690E2C3E1EF7C91 /* Pods-TableHeadHoverTests.release.xcconfig */ = {isa = PBXFileReference; includeInIndex = 1; lastKnownFileType = text.xcconfig; name = "Pods-TableHeadHoverTests.release.xcconfig"; path = "Target Support Files/Pods-TableHeadHoverTests/Pods-TableHeadHoverTests.release.xcconfig"; sourceTree = "<group>"; };
		41FA1B8E3F21EA53DB1D3B85 /* Pods-TableHeadHover.debug.xcconfig */ = {isa = PBXFileReference; includeInIndex = 1; lastKnownFileType = text.xcconfig; name = "Pods-TableHeadHover.debug.xcconfig"; path = "Target Support Files/Pods-TableHeadHover/Pods-TableHeadHover.debug.xcconfig"; sourceTree = "<group>"; };
		8DB1523F0532854A7ECC565B /* Pods-TableHeadHoverTests.debug.xcconfig */ = {isa = PBXFileReference; includeInIndex = 1; lastKnownFileType = text.xcconfig; name = "Pods-TableHeadHoverTests.debug.xcconfig"; path = "Target Support Files/Pods-TableHeadHoverTests/Pods-TableHeadHoverTests.debug.xcconfig"; sourceTree = "<group>"; };
		9D4633B763A675E3D6DED3BB /* Pods-TableHeadHoverUITests.debug.xcconfig */ = {isa = PBXFileReference; includeInIndex = 1; lastKnownFileType = text.xcconfig; name = "Pods-TableHeadHoverUITests.debug.xcconfig"; path = "Target Support Files/Pods-TableHeadHoverUITests/Pods-TableHeadHoverUITests.debug.xcconfig"; sourceTree = "<group>"; };
		B011B322046BA866FFF5E6BE /* libPods-TableHeadHover.a */ = {isa = PBXFileReference; explicitFileType = archive.ar; includeInIndex = 0; path = "libPods-TableHeadHover.a"; sourceTree = BUILT_PRODUCTS_DIR; };
		B0B9C92EDDC8E51473D7BBDB /* Pods-TableHeadHoverUITests.release.xcconfig */ = {isa = PBXFileReference; includeInIndex = 1; lastKnownFileType = text.xcconfig; name = "Pods-TableHeadHoverUITests.release.xcconfig"; path = "Target Support Files/Pods-TableHeadHoverUITests/Pods-TableHeadHoverUITests.release.xcconfig"; sourceTree = "<group>"; };
		DDADA0573D43427BC369FBCC /* Pods-TableHeadHover.release.xcconfig */ = {isa = PBXFileReference; includeInIndex = 1; lastKnownFileType = text.xcconfig; name = "Pods-TableHeadHover.release.xcconfig"; path = "Target Support Files/Pods-TableHeadHover/Pods-TableHeadHover.release.xcconfig"; sourceTree = "<group>"; };
		E4AB91F5218F2795003A889F /* TableHeadHover.app */ = {isa = PBXFileReference; explicitFileType = wrapper.application; includeInIndex = 0; path = TableHeadHover.app; sourceTree = BUILT_PRODUCTS_DIR; };
		E4AB91F8218F2795003A889F /* AppDelegate.h */ = {isa = PBXFileReference; lastKnownFileType = sourcecode.c.h; path = AppDelegate.h; sourceTree = "<group>"; };
		E4AB91F9218F2796003A889F /* AppDelegate.m */ = {isa = PBXFileReference; lastKnownFileType = sourcecode.c.objc; path = AppDelegate.m; sourceTree = "<group>"; };
		E4AB91FB218F2796003A889F /* ViewController.h */ = {isa = PBXFileReference; lastKnownFileType = sourcecode.c.h; path = ViewController.h; sourceTree = "<group>"; };
		E4AB91FC218F2796003A889F /* ViewController.m */ = {isa = PBXFileReference; lastKnownFileType = sourcecode.c.objc; path = ViewController.m; sourceTree = "<group>"; };
		E4AB91FF218F2796003A889F /* Base */ = {isa = PBXFileReference; lastKnownFileType = file.storyboard; name = Base; path = Base.lproj/Main.storyboard; sourceTree = "<group>"; };
		E4AB9201218F2796003A889F /* Assets.xcassets */ = {isa = PBXFileReference; lastKnownFileType = folder.assetcatalog; path = Assets.xcassets; sourceTree = "<group>"; };
		E4AB9204218F2796003A889F /* Base */ = {isa = PBXFileReference; lastKnownFileType = file.storyboard; name = Base; path = Base.lproj/LaunchScreen.storyboard; sourceTree = "<group>"; };
		E4AB9206218F2796003A889F /* Info.plist */ = {isa = PBXFileReference; lastKnownFileType = text.plist.xml; path = Info.plist; sourceTree = "<group>"; };
		E4AB9207218F2796003A889F /* main.m */ = {isa = PBXFileReference; lastKnownFileType = sourcecode.c.objc; path = main.m; sourceTree = "<group>"; };
		E4AB920D218F2796003A889F /* TableHeadHoverTests.xctest */ = {isa = PBXFileReference; explicitFileType = wrapper.cfbundle; includeInIndex = 0; path = TableHeadHoverTests.xctest; sourceTree = BUILT_PRODUCTS_DIR; };
		E4AB9211218F2796003A889F /* TableHeadHoverTests.m */ = {isa = PBXFileReference; lastKnownFileType = sourcecode.c.objc; path = TableHeadHoverTests.m; sourceTree = "<group>"; };
		E4AB9213218F2796003A889F /* Info.plist */ = {isa = PBXFileReference; lastKnownFileType = text.plist.xml; path = Info.plist; sourceTree = "<group>"; };
		E4AB9218218F2796003A889F /* TableHeadHoverUITests.xctest */ = {isa = PBXFileReference; explicitFileType = wrapper.cfbundle; includeInIndex = 0; path = TableHeadHoverUITests.xctest; sourceTree = BUILT_PRODUCTS_DIR; };
		E4AB921C218F2796003A889F /* TableHeadHoverUITests.m */ = {isa = PBXFileReference; lastKnownFileType = sourcecode.c.objc; path = TableHeadHoverUITests.m; sourceTree = "<group>"; };
		E4AB921E218F2796003A889F /* Info.plist */ = {isa = PBXFileReference; lastKnownFileType = text.plist.xml; path = Info.plist; sourceTree = "<group>"; };
		E4AB922D218F3F7E003A889F /* head.bundle */ = {isa = PBXFileReference; lastKnownFileType = "wrapper.plug-in"; path = head.bundle; sourceTree = "<group>"; };
		E5D5EC76D87AB02E79410B81 /* libPods-TableHeadHoverTests.a */ = {isa = PBXFileReference; explicitFileType = archive.ar; includeInIndex = 0; path = "libPods-TableHeadHoverTests.a"; sourceTree = BUILT_PRODUCTS_DIR; };
		F5E11B2BE65BBE6E503C049E /* libPods-TableHeadHoverUITests.a */ = {isa = PBXFileReference; explicitFileType = archive.ar; includeInIndex = 0; path = "libPods-TableHeadHoverUITests.a"; sourceTree = BUILT_PRODUCTS_DIR; };
/* End PBXFileReference section */

/* Begin PBXFrameworksBuildPhase section */
		E4AB91F2218F2795003A889F /* Frameworks */ = {
			isa = PBXFrameworksBuildPhase;
			buildActionMask = 2147483647;
			files = (
				426BB5D794E9D51650EE1442 /* libPods-TableHeadHover.a in Frameworks */,
			);
			runOnlyForDeploymentPostprocessing = 0;
		};
		E4AB920A218F2796003A889F /* Frameworks */ = {
			isa = PBXFrameworksBuildPhase;
			buildActionMask = 2147483647;
			files = (
				E71A5DC89F7453F037449227 /* libPods-TableHeadHoverTests.a in Frameworks */,
			);
			runOnlyForDeploymentPostprocessing = 0;
		};
		E4AB9215218F2796003A889F /* Frameworks */ = {
			isa = PBXFrameworksBuildPhase;
			buildActionMask = 2147483647;
			files = (
				364DF9DE4CC3DF38FBE73C18 /* libPods-TableHeadHoverUITests.a in Frameworks */,
			);
			runOnlyForDeploymentPostprocessing = 0;
		};
/* End PBXFrameworksBuildPhase section */

/* Begin PBXGroup section */
		169AACC48546B83AD13B5930 /* Frameworks */ = {
			isa = PBXGroup;
			children = (
				B011B322046BA866FFF5E6BE /* libPods-TableHeadHover.a */,
				E5D5EC76D87AB02E79410B81 /* libPods-TableHeadHoverTests.a */,
				F5E11B2BE65BBE6E503C049E /* libPods-TableHeadHoverUITests.a */,
			);
			name = Frameworks;
			sourceTree = "<group>";
		};
		2B65E0F52A895780B7A89DB3 /* Pods */ = {
			isa = PBXGroup;
			children = (
				41FA1B8E3F21EA53DB1D3B85 /* Pods-TableHeadHover.debug.xcconfig */,
				DDADA0573D43427BC369FBCC /* Pods-TableHeadHover.release.xcconfig */,
				8DB1523F0532854A7ECC565B /* Pods-TableHeadHoverTests.debug.xcconfig */,
				0F9F77D4E690E2C3E1EF7C91 /* Pods-TableHeadHoverTests.release.xcconfig */,
				9D4633B763A675E3D6DED3BB /* Pods-TableHeadHoverUITests.debug.xcconfig */,
				B0B9C92EDDC8E51473D7BBDB /* Pods-TableHeadHoverUITests.release.xcconfig */,
			);
			path = Pods;
			sourceTree = "<group>";
		};
		E4AB91EC218F2795003A889F = {
			isa = PBXGroup;
			children = (
				E4AB91F7218F2795003A889F /* TableHeadHover */,
				E4AB9210218F2796003A889F /* TableHeadHoverTests */,
				E4AB921B218F2796003A889F /* TableHeadHoverUITests */,
				E4AB91F6218F2795003A889F /* Products */,
				2B65E0F52A895780B7A89DB3 /* Pods */,
				169AACC48546B83AD13B5930 /* Frameworks */,
			);
			sourceTree = "<group>";
		};
		E4AB91F6218F2795003A889F /* Products */ = {
			isa = PBXGroup;
			children = (
				E4AB91F5218F2795003A889F /* TableHeadHover.app */,
				E4AB920D218F2796003A889F /* TableHeadHoverTests.xctest */,
				E4AB9218218F2796003A889F /* TableHeadHoverUITests.xctest */,
			);
			name = Products;
			sourceTree = "<group>";
		};
		E4AB91F7218F2795003A889F /* TableHeadHover */ = {
			isa = PBXGroup;
			children = (
				E4AB91F8218F2795003A889F /* AppDelegate.h */,
				E4AB91F9218F2796003A889F /* AppDelegate.m */,
				E4AB91FB218F2796003A889F /* ViewController.h */,
				E4AB91FC218F2796003A889F /* ViewController.m */,
				E4AB91FE218F2796003A889F /* Main.storyboard */,
				E4AB9201218F2796003A889F /* Assets.xcassets */,
				E4AB9203218F2796003A889F /* LaunchScreen.storyboard */,
				E4AB9206218F2796003A889F /* Info.plist */,
				E4AB9207218F2796003A889F /* main.m */,
				E4AB922D218F3F7E003A889F /* head.bundle */,
			);
			path = TableHeadHover;
			sourceTree = "<group>";
		};
		E4AB9210218F2796003A889F /* TableHeadHoverTests */ = {
			isa = PBXGroup;
			children = (
				E4AB9211218F2796003A889F /* TableHeadHoverTests.m */,
				E4AB9213218F2796003A889F /* Info.plist */,
			);
			path = TableHeadHoverTests;
			sourceTree = "<group>";
		};
		E4AB921B218F2796003A889F /* TableHeadHoverUITests */ = {
			isa = PBXGroup;
			children = (
				E4AB921C218F2796003A889F /* TableHeadHoverUITests.m */,
				E4AB921E218F2796003A889F /* Info.plist */,
			);
			path = TableHeadHoverUITests;
			sourceTree = "<group>";
		};
/* End PBXGroup section */

/* Begin PBXNativeTarget section */
		E4AB91F4218F2795003A889F /* TableHeadHover */ = {
			isa = PBXNativeTarget;
			buildConfigurationList = E4AB9221218F2796003A889F /* Build configuration list for PBXNativeTarget "TableHeadHover" */;
			buildPhases = (
				EB06B9F2FE7551B317C58292 /* [CP] Check Pods Manifest.lock */,
				E4AB91F1218F2795003A889F /* Sources */,
				E4AB91F2218F2795003A889F /* Frameworks */,
				E4AB91F3218F2795003A889F /* Resources */,
				7BB9E8FEE93371D58B0568EE /* [CP] Copy Pods Resources */,
			);
			buildRules = (
			);
			dependencies = (
			);
			name = TableHeadHover;
			productName = TableHeadHover;
			productReference = E4AB91F5218F2795003A889F /* TableHeadHover.app */;
			productType = "com.apple.product-type.application";
		};
		E4AB920C218F2796003A889F /* TableHeadHoverTests */ = {
			isa = PBXNativeTarget;
			buildConfigurationList = E4AB9224218F2796003A889F /* Build configuration list for PBXNativeTarget "TableHeadHoverTests" */;
			buildPhases = (
				18694D5C1827F7D9F44DDD81 /* [CP] Check Pods Manifest.lock */,
				E4AB9209218F2796003A889F /* Sources */,
				E4AB920A218F2796003A889F /* Frameworks */,
				E4AB920B218F2796003A889F /* Resources */,
			);
			buildRules = (
			);
			dependencies = (
				E4AB920F218F2796003A889F /* PBXTargetDependency */,
			);
			name = TableHeadHoverTests;
			productName = TableHeadHoverTests;
			productReference = E4AB920D218F2796003A889F /* TableHeadHoverTests.xctest */;
			productType = "com.apple.product-type.bundle.unit-test";
		};
		E4AB9217218F2796003A889F /* TableHeadHoverUITests */ = {
			isa = PBXNativeTarget;
			buildConfigurationList = E4AB9227218F2796003A889F /* Build configuration list for PBXNativeTarget "TableHeadHoverUITests" */;
			buildPhases = (
				E853A985BA682DB4DBBCFBE1 /* [CP] Check Pods Manifest.lock */,
				E4AB9214218F2796003A889F /* Sources */,
				E4AB9215218F2796003A889F /* Frameworks */,
				E4AB9216218F2796003A889F /* Resources */,
			);
			buildRules = (
			);
			dependencies = (
				E4AB921A218F2796003A889F /* PBXTargetDependency */,
			);
			name = TableHeadHoverUITests;
			productName = TableHeadHoverUITests;
			productReference = E4AB9218218F2796003A889F /* TableHeadHoverUITests.xctest */;
			productType = "com.apple.product-type.bundle.ui-testing";
		};
/* End PBXNativeTarget section */

/* Begin PBXProject section */
		E4AB91ED218F2795003A889F /* Project object */ = {
			isa = PBXProject;
			attributes = {
				LastUpgradeCheck = 1010;
				ORGANIZATIONNAME = song;
				TargetAttributes = {
					E4AB91F4218F2795003A889F = {
						CreatedOnToolsVersion = 10.1;
					};
					E4AB920C218F2796003A889F = {
						CreatedOnToolsVersion = 10.1;
						TestTargetID = E4AB91F4218F2795003A889F;
					};
					E4AB9217218F2796003A889F = {
						CreatedOnToolsVersion = 10.1;
						TestTargetID = E4AB91F4218F2795003A889F;
					};
				};
			};
			buildConfigurationList = E4AB91F0218F2795003A889F /* Build configuration list for PBXProject "TableHeadHover" */;
			compatibilityVersion = "Xcode 9.3";
			developmentRegion = en;
			hasScannedForEncodings = 0;
			knownRegions = (
				en,
				Base,
			);
			mainGroup = E4AB91EC218F2795003A889F;
			productRefGroup = E4AB91F6218F2795003A889F /* Products */;
			projectDirPath = "";
			projectRoot = "";
			targets = (
				E4AB91F4218F2795003A889F /* TableHeadHover */,
				E4AB920C218F2796003A889F /* TableHeadHoverTests */,
				E4AB9217218F2796003A889F /* TableHeadHoverUITests */,
			);
		};
/* End PBXProject section */

/* Begin PBXResourcesBuildPhase section */
		E4AB91F3218F2795003A889F /* Resources */ = {
			isa = PBXResourcesBuildPhase;
			buildActionMask = 2147483647;
			files = (
				E4AB9205218F2796003A889F /* LaunchScreen.storyboard in Resources */,
				E4AB922E218F3F7E003A889F /* head.bundle in Resources */,
				E4AB9202218F2796003A889F /* Assets.xcassets in Resources */,
				E4AB9200218F2796003A889F /* Main.storyboard in Resources */,
			);
			runOnlyForDeploymentPostprocessing = 0;
		};
		E4AB920B218F2796003A889F /* Resources */ = {
			isa = PBXResourcesBuildPhase;
			buildActionMask = 2147483647;
			files = (
			);
			runOnlyForDeploymentPostprocessing = 0;
		};
		E4AB9216218F2796003A889F /* Resources */ = {
			isa = PBXResourcesBuildPhase;
			buildActionMask = 2147483647;
			files = (
			);
			runOnlyForDeploymentPostprocessing = 0;
		};
/* End PBXResourcesBuildPhase section */

/* Begin PBXShellScriptBuildPhase section */
		18694D5C1827F7D9F44DDD81 /* [CP] Check Pods Manifest.lock */ = {
			isa = PBXShellScriptBuildPhase;
			buildActionMask = 2147483647;
			files = (
			);
			inputFileListPaths = (
			);
			inputPaths = (
				"${PODS_PODFILE_DIR_PATH}/Podfile.lock",
				"${PODS_ROOT}/Manifest.lock",
			);
			name = "[CP] Check Pods Manifest.lock";
			outputFileListPaths = (
			);
			outputPaths = (
				"$(DERIVED_FILE_DIR)/Pods-TableHeadHoverTests-checkManifestLockResult.txt",
			);
			runOnlyForDeploymentPostprocessing = 0;
			shellPath = /bin/sh;
			shellScript = "diff \"${PODS_PODFILE_DIR_PATH}/Podfile.lock\" \"${PODS_ROOT}/Manifest.lock\" > /dev/null\nif [ $? != 0 ] ; then\n    # print error to STDERR\n    echo \"error: The sandbox is not in sync with the Podfile.lock. Run 'pod install' or update your CocoaPods installation.\" >&2\n    exit 1\nfi\n# This output is used by Xcode 'outputs' to avoid re-running this script phase.\necho \"SUCCESS\" > \"${SCRIPT_OUTPUT_FILE_0}\"\n";
			showEnvVarsInLog = 0;
		};
		7BB9E8FEE93371D58B0568EE /* [CP] Copy Pods Resources */ = {
			isa = PBXShellScriptBuildPhase;
			buildActionMask = 2147483647;
			files = (
			);
			inputFileListPaths = (
			);
			inputPaths = (
				"${PODS_ROOT}/Target Support Files/Pods-TableHeadHover/Pods-TableHeadHover-resources.sh",
				"${PODS_ROOT}/MJRefresh/MJRefresh/MJRefresh.bundle",
			);
			name = "[CP] Copy Pods Resources";
			outputFileListPaths = (
			);
			outputPaths = (
				"${TARGET_BUILD_DIR}/${UNLOCALIZED_RESOURCES_FOLDER_PATH}/MJRefresh.bundle",
			);
			runOnlyForDeploymentPostprocessing = 0;
			shellPath = /bin/sh;
			shellScript = "\"${PODS_ROOT}/Target Support Files/Pods-TableHeadHover/Pods-TableHeadHover-resources.sh\"\n";
			showEnvVarsInLog = 0;
		};
		E853A985BA682DB4DBBCFBE1 /* [CP] Check Pods Manifest.lock */ = {
			isa = PBXShellScriptBuildPhase;
			buildActionMask = 2147483647;
			files = (
			);
			inputFileListPaths = (
			);
			inputPaths = (
				"${PODS_PODFILE_DIR_PATH}/Podfile.lock",
				"${PODS_ROOT}/Manifest.lock",
			);
			name = "[CP] Check Pods Manifest.lock";
			outputFileListPaths = (
			);
			outputPaths = (
				"$(DERIVED_FILE_DIR)/Pods-TableHeadHoverUITests-checkManifestLockResult.txt",
			);
			runOnlyForDeploymentPostprocessing = 0;
			shellPath = /bin/sh;
			shellScript = "diff \"${PODS_PODFILE_DIR_PATH}/Podfile.lock\" \"${PODS_ROOT}/Manifest.lock\" > /dev/null\nif [ $? != 0 ] ; then\n    # print error to STDERR\n    echo \"error: The sandbox is not in sync with the Podfile.lock. Run 'pod install' or update your CocoaPods installation.\" >&2\n    exit 1\nfi\n# This output is used by Xcode 'outputs' to avoid re-running this script phase.\necho \"SUCCESS\" > \"${SCRIPT_OUTPUT_FILE_0}\"\n";
			showEnvVarsInLog = 0;
		};
		EB06B9F2FE7551B317C58292 /* [CP] Check Pods Manifest.lock */ = {
			isa = PBXShellScriptBuildPhase;
			buildActionMask = 2147483647;
			files = (
			);
			inputFileListPaths = (
			);
			inputPaths = (
				"${PODS_PODFILE_DIR_PATH}/Podfile.lock",
				"${PODS_ROOT}/Manifest.lock",
			);
			name = "[CP] Check Pods Manifest.lock";
			outputFileListPaths = (
			);
			outputPaths = (
				"$(DERIVED_FILE_DIR)/Pods-TableHeadHover-checkManifestLockResult.txt",
			);
			runOnlyForDeploymentPostprocessing = 0;
			shellPath = /bin/sh;
			shellScript = "diff \"${PODS_PODFILE_DIR_PATH}/Podfile.lock\" \"${PODS_ROOT}/Manifest.lock\" > /dev/null\nif [ $? != 0 ] ; then\n    # print error to STDERR\n    echo \"error: The sandbox is not in sync with the Podfile.lock. Run 'pod install' or update your CocoaPods installation.\" >&2\n    exit 1\nfi\n# This output is used by Xcode 'outputs' to avoid re-running this script phase.\necho \"SUCCESS\" > \"${SCRIPT_OUTPUT_FILE_0}\"\n";
			showEnvVarsInLog = 0;
		};
/* End PBXShellScriptBuildPhase section */

/* Begin PBXSourcesBuildPhase section */
		E4AB91F1218F2795003A889F /* Sources */ = {
			isa = PBXSourcesBuildPhase;
			buildActionMask = 2147483647;
			files = (
				E4AB91FD218F2796003A889F /* ViewController.m in Sources */,
				E4AB9208218F2796003A889F /* main.m in Sources */,
				E4AB91FA218F2796003A889F /* AppDelegate.m in Sources */,
			);
			runOnlyForDeploymentPostprocessing = 0;
		};
		E4AB9209218F2796003A889F /* Sources */ = {
			isa = PBXSourcesBuildPhase;
			buildActionMask = 2147483647;
			files = (
				E4AB9212218F2796003A889F /* TableHeadHoverTests.m in Sources */,
			);
			runOnlyForDeploymentPostprocessing = 0;
		};
		E4AB9214218F2796003A889F /* Sources */ = {
			isa = PBXSourcesBuildPhase;
			buildActionMask = 2147483647;
			files = (
				E4AB921D218F2796003A889F /* TableHeadHoverUITests.m in Sources */,
			);
			runOnlyForDeploymentPostprocessing = 0;
		};
/* End PBXSourcesBuildPhase section */

/* Begin PBXTargetDependency section */
		E4AB920F218F2796003A889F /* PBXTargetDependency */ = {
			isa = PBXTargetDependency;
			target = E4AB91F4218F2795003A889F /* TableHeadHover */;
			targetProxy = E4AB920E218F2796003A889F /* PBXContainerItemProxy */;
		};
		E4AB921A218F2796003A889F /* PBXTargetDependency */ = {
			isa = PBXTargetDependency;
			target = E4AB91F4218F2795003A889F /* TableHeadHover */;
			targetProxy = E4AB9219218F2796003A889F /* PBXContainerItemProxy */;
		};
/* End PBXTargetDependency section */

/* Begin PBXVariantGroup section */
		E4AB91FE218F2796003A889F /* Main.storyboard */ = {
			isa = PBXVariantGroup;
			children = (
				E4AB91FF218F2796003A889F /* Base */,
			);
			name = Main.storyboard;
			sourceTree = "<group>";
		};
		E4AB9203218F2796003A889F /* LaunchScreen.storyboard */ = {
			isa = PBXVariantGroup;
			children = (
				E4AB9204218F2796003A889F /* Base */,
			);
			name = LaunchScreen.storyboard;
			sourceTree = "<group>";
		};
/* End PBXVariantGroup section */

/* Begin XCBuildConfiguration section */
		E4AB921F218F2796003A889F /* Debug */ = {
			isa = XCBuildConfiguration;
			buildSettings = {
				ALWAYS_SEARCH_USER_PATHS = NO;
				CLANG_ANALYZER_NONNULL = YES;
				CLANG_ANALYZER_NUMBER_OBJECT_CONVERSION = YES_AGGRESSIVE;
				CLANG_CXX_LANGUAGE_STANDARD = "gnu++14";
				CLANG_CXX_LIBRARY = "libc++";
				CLANG_ENABLE_MODULES = YES;
				CLANG_ENABLE_OBJC_ARC = YES;
				CLANG_ENABLE_OBJC_WEAK = YES;
				CLANG_WARN_BLOCK_CAPTURE_AUTORELEASING = YES;
				CLANG_WARN_BOOL_CONVERSION = YES;
				CLANG_WARN_COMMA = YES;
				CLANG_WARN_CONSTANT_CONVERSION = YES;
				CLANG_WARN_DEPRECATED_OBJC_IMPLEMENTATIONS = YES;
				CLANG_WARN_DIRECT_OBJC_ISA_USAGE = YES_ERROR;
				CLANG_WARN_DOCUMENTATION_COMMENTS = YES;
				CLANG_WARN_EMPTY_BODY = YES;
				CLANG_WARN_ENUM_CONVERSION = YES;
				CLANG_WARN_INFINITE_RECURSION = YES;
				CLANG_WARN_INT_CONVERSION = YES;
				CLANG_WARN_NON_LITERAL_NULL_CONVERSION = YES;
				CLANG_WARN_OBJC_IMPLICIT_RETAIN_SELF = YES;
				CLANG_WARN_OBJC_LITERAL_CONVERSION = YES;
				CLANG_WARN_OBJC_ROOT_CLASS = YES_ERROR;
				CLANG_WARN_RANGE_LOOP_ANALYSIS = YES;
				CLANG_WARN_STRICT_PROTOTYPES = YES;
				CLANG_WARN_SUSPICIOUS_MOVE = YES;
				CLANG_WARN_UNGUARDED_AVAILABILITY = YES_AGGRESSIVE;
				CLANG_WARN_UNREACHABLE_CODE = YES;
				CLANG_WARN__DUPLICATE_METHOD_MATCH = YES;
				CODE_SIGN_IDENTITY = "iPhone Developer";
				COPY_PHASE_STRIP = NO;
				DEBUG_INFORMATION_FORMAT = dwarf;
				ENABLE_STRICT_OBJC_MSGSEND = YES;
				ENABLE_TESTABILITY = YES;
				GCC_C_LANGUAGE_STANDARD = gnu11;
				GCC_DYNAMIC_NO_PIC = NO;
				GCC_NO_COMMON_BLOCKS = YES;
				GCC_OPTIMIZATION_LEVEL = 0;
				GCC_PREPROCESSOR_DEFINITIONS = (
					"DEBUG=1",
					"$(inherited)",
				);
				GCC_WARN_64_TO_32_BIT_CONVERSION = YES;
				GCC_WARN_ABOUT_RETURN_TYPE = YES_ERROR;
				GCC_WARN_UNDECLARED_SELECTOR = YES;
				GCC_WARN_UNINITIALIZED_AUTOS = YES_AGGRESSIVE;
				GCC_WARN_UNUSED_FUNCTION = YES;
				GCC_WARN_UNUSED_VARIABLE = YES;
				IPHONEOS_DEPLOYMENT_TARGET = 12.1;
				MTL_ENABLE_DEBUG_INFO = INCLUDE_SOURCE;
				MTL_FAST_MATH = YES;
				ONLY_ACTIVE_ARCH = YES;
				SDKROOT = iphoneos;
			};
			name = Debug;
		};
		E4AB9220218F2796003A889F /* Release */ = {
			isa = XCBuildConfiguration;
			buildSettings = {
				ALWAYS_SEARCH_USER_PATHS = NO;
				CLANG_ANALYZER_NONNULL = YES;
				CLANG_ANALYZER_NUMBER_OBJECT_CONVERSION = YES_AGGRESSIVE;
				CLANG_CXX_LANGUAGE_STANDARD = "gnu++14";
				CLANG_CXX_LIBRARY = "libc++";
				CLANG_ENABLE_MODULES = YES;
				CLANG_ENABLE_OBJC_ARC = YES;
				CLANG_ENABLE_OBJC_WEAK = YES;
				CLANG_WARN_BLOCK_CAPTURE_AUTORELEASING = YES;
				CLANG_WARN_BOOL_CONVERSION = YES;
				CLANG_WARN_COMMA = YES;
				CLANG_WARN_CONSTANT_CONVERSION = YES;
				CLANG_WARN_DEPRECATED_OBJC_IMPLEMENTATIONS = YES;
				CLANG_WARN_DIRECT_OBJC_ISA_USAGE = YES_ERROR;
				CLANG_WARN_DOCUMENTATION_COMMENTS = YES;
				CLANG_WARN_EMPTY_BODY = YES;
				CLANG_WARN_ENUM_CONVERSION = YES;
				CLANG_WARN_INFINITE_RECURSION = YES;
				CLANG_WARN_INT_CONVERSION = YES;
				CLANG_WARN_NON_LITERAL_NULL_CONVERSION = YES;
				CLANG_WARN_OBJC_IMPLICIT_RETAIN_SELF = YES;
				CLANG_WARN_OBJC_LITERAL_CONVERSION = YES;
				CLANG_WARN_OBJC_ROOT_CLASS = YES_ERROR;
				CLANG_WARN_RANGE_LOOP_ANALYSIS = YES;
				CLANG_WARN_STRICT_PROTOTYPES = YES;
				CLANG_WARN_SUSPICIOUS_MOVE = YES;
				CLANG_WARN_UNGUARDED_AVAILABILITY = YES_AGGRESSIVE;
				CLANG_WARN_UNREACHABLE_CODE = YES;
				CLANG_WARN__DUPLICATE_METHOD_MATCH = YES;
				CODE_SIGN_IDENTITY = "iPhone Developer";
				COPY_PHASE_STRIP = NO;
				DEBUG_INFORMATION_FORMAT = "dwarf-with-dsym";
				ENABLE_NS_ASSERTIONS = NO;
				ENABLE_STRICT_OBJC_MSGSEND = YES;
				GCC_C_LANGUAGE_STANDARD = gnu11;
				GCC_NO_COMMON_BLOCKS = YES;
				GCC_WARN_64_TO_32_BIT_CONVERSION = YES;
				GCC_WARN_ABOUT_RETURN_TYPE = YES_ERROR;
				GCC_WARN_UNDECLARED_SELECTOR = YES;
				GCC_WARN_UNINITIALIZED_AUTOS = YES_AGGRESSIVE;
				GCC_WARN_UNUSED_FUNCTION = YES;
				GCC_WARN_UNUSED_VARIABLE = YES;
				IPHONEOS_DEPLOYMENT_TARGET = 12.1;
				MTL_ENABLE_DEBUG_INFO = NO;
				MTL_FAST_MATH = YES;
				SDKROOT = iphoneos;
				VALIDATE_PRODUCT = YES;
			};
			name = Release;
		};
		E4AB9222218F2796003A889F /* Debug */ = {
			isa = XCBuildConfiguration;
			baseConfigurationReference = 41FA1B8E3F21EA53DB1D3B85 /* Pods-TableHeadHover.debug.xcconfig */;
			buildSettings = {
				ASSETCATALOG_COMPILER_APPICON_NAME = AppIcon;
				CODE_SIGN_STYLE = Automatic;
				DEVELOPMENT_TEAM = 78727BAHZV;
				INFOPLIST_FILE = TableHeadHover/Info.plist;
				IPHONEOS_DEPLOYMENT_TARGET = 10.0;
				LD_RUNPATH_SEARCH_PATHS = (
					"$(inherited)",
					"@executable_path/Frameworks",
				);
				PRODUCT_BUNDLE_IDENTIFIER = sss.TableHeadHover;
				PRODUCT_NAME = "$(TARGET_NAME)";
				TARGETED_DEVICE_FAMILY = "1,2";
			};
			name = Debug;
		};
		E4AB9223218F2796003A889F /* Release */ = {
			isa = XCBuildConfiguration;
			baseConfigurationReference = DDADA0573D43427BC369FBCC /* Pods-TableHeadHover.release.xcconfig */;
			buildSettings = {
				ASSETCATALOG_COMPILER_APPICON_NAME = AppIcon;
				CODE_SIGN_STYLE = Automatic;
				DEVELOPMENT_TEAM = 78727BAHZV;
				INFOPLIST_FILE = TableHeadHover/Info.plist;
				IPHONEOS_DEPLOYMENT_TARGET = 10.0;
				LD_RUNPATH_SEARCH_PATHS = (
					"$(inherited)",
					"@executable_path/Frameworks",
				);
				PRODUCT_BUNDLE_IDENTIFIER = sss.TableHeadHover;
				PRODUCT_NAME = "$(TARGET_NAME)";
				TARGETED_DEVICE_FAMILY = "1,2";
			};
			name = Release;
		};
		E4AB9225218F2796003A889F /* Debug */ = {
			isa = XCBuildConfiguration;
			baseConfigurationReference = 8DB1523F0532854A7ECC565B /* Pods-TableHeadHoverTests.debug.xcconfig */;
			buildSettings = {
				BUNDLE_LOADER = "$(TEST_HOST)";
				CODE_SIGN_STYLE = Automatic;
				INFOPLIST_FILE = TableHeadHoverTests/Info.plist;
				LD_RUNPATH_SEARCH_PATHS = (
					"$(inherited)",
					"@executable_path/Frameworks",
					"@loader_path/Frameworks",
				);
				PRODUCT_BUNDLE_IDENTIFIER = sss.TableHeadHoverTests;
				PRODUCT_NAME = "$(TARGET_NAME)";
				TARGETED_DEVICE_FAMILY = "1,2";
				TEST_HOST = "$(BUILT_PRODUCTS_DIR)/TableHeadHover.app/TableHeadHover";
			};
			name = Debug;
		};
		E4AB9226218F2796003A889F /* Release */ = {
			isa = XCBuildConfiguration;
			baseConfigurationReference = 0F9F77D4E690E2C3E1EF7C91 /* Pods-TableHeadHoverTests.release.xcconfig */;
			buildSettings = {
				BUNDLE_LOADER = "$(TEST_HOST)";
				CODE_SIGN_STYLE = Automatic;
				INFOPLIST_FILE = TableHeadHoverTests/Info.plist;
				LD_RUNPATH_SEARCH_PATHS = (
					"$(inherited)",
					"@executable_path/Frameworks",
					"@loader_path/Frameworks",
				);
				PRODUCT_BUNDLE_IDENTIFIER = sss.TableHeadHoverTests;
				PRODUCT_NAME = "$(TARGET_NAME)";
				TARGETED_DEVICE_FAMILY = "1,2";
				TEST_HOST = "$(BUILT_PRODUCTS_DIR)/TableHeadHover.app/TableHeadHover";
			};
			name = Release;
		};
		E4AB9228218F2796003A889F /* Debug */ = {
			isa = XCBuildConfiguration;
			baseConfigurationReference = 9D4633B763A675E3D6DED3BB /* Pods-TableHeadHoverUITests.debug.xcconfig */;
			buildSettings = {
				CODE_SIGN_STYLE = Automatic;
				INFOPLIST_FILE = TableHeadHoverUITests/Info.plist;
				LD_RUNPATH_SEARCH_PATHS = (
					"$(inherited)",
					"@executable_path/Frameworks",
					"@loader_path/Frameworks",
				);
				PRODUCT_BUNDLE_IDENTIFIER = sss.TableHeadHoverUITests;
				PRODUCT_NAME = "$(TARGET_NAME)";
				TARGETED_DEVICE_FAMILY = "1,2";
				TEST_TARGET_NAME = TableHeadHover;
			};
			name = Debug;
		};
		E4AB9229218F2796003A889F /* Release */ = {
			isa = XCBuildConfiguration;
			baseConfigurationReference = B0B9C92EDDC8E51473D7BBDB /* Pods-TableHeadHoverUITests.release.xcconfig */;
			buildSettings = {
				CODE_SIGN_STYLE = Automatic;
				INFOPLIST_FILE = TableHeadHoverUITests/Info.plist;
				LD_RUNPATH_SEARCH_PATHS = (
					"$(inherited)",
					"@executable_path/Frameworks",
					"@loader_path/Frameworks",
				);
				PRODUCT_BUNDLE_IDENTIFIER = sss.TableHeadHoverUITests;
				PRODUCT_NAME = "$(TARGET_NAME)";
				TARGETED_DEVICE_FAMILY = "1,2";
				TEST_TARGET_NAME = TableHeadHover;
			};
			name = Release;
		};
/* End XCBuildConfiguration section */

/* Begin XCConfigurationList section */
		E4AB91F0218F2795003A889F /* Build configuration list for PBXProject "TableHeadHover" */ = {
			isa = XCConfigurationList;
			buildConfigurations = (
				E4AB921F218F2796003A889F /* Debug */,
				E4AB9220218F2796003A889F /* Release */,
			);
			defaultConfigurationIsVisible = 0;
			defaultConfigurationName = Release;
		};
		E4AB9221218F2796003A889F /* Build configuration list for PBXNativeTarget "TableHeadHover" */ = {
			isa = XCConfigurationList;
			buildConfigurations = (
				E4AB9222218F2796003A889F /* Debug */,
				E4AB9223218F2796003A889F /* Release */,
			);
			defaultConfigurationIsVisible = 0;
			defaultConfigurationName = Release;
		};
		E4AB9224218F2796003A889F /* Build configuration list for PBXNativeTarget "TableHeadHoverTests" */ = {
			isa = XCConfigurationList;
			buildConfigurations = (
				E4AB9225218F2796003A889F /* Debug */,
				E4AB9226218F2796003A889F /* Release */,
			);
			defaultConfigurationIsVisible = 0;
			defaultConfigurationName = Release;
		};
		E4AB9227218F2796003A889F /* Build configuration list for PBXNativeTarget "TableHeadHoverUITests" */ = {
			isa = XCConfigurationList;
			buildConfigurations = (
				E4AB9228218F2796003A889F /* Debug */,
				E4AB9229218F2796003A889F /* Release */,
			);
			defaultConfigurationIsVisible = 0;
			defaultConfigurationName = Release;
		};
/* End XCConfigurationList section */
	};
	rootObject = E4AB91ED218F2795003A889F /* Project object */;
}
